
Microsoft Visual Studio Solution File, Format Version 12.00
# Visual Studio Version 17
VisualStudioVersion = 17.13.35825.156 d17.13
MinimumVisualStudioVersion = 10.0.40219.1
Project("{FAE04EC0-301F-11D3-BF4B-00C04F79EFBC}") = "Day7", "Day7.csproj", "{BCBF297F-EE59-4433-9B39-07A41468FC98}"
EndProject
Global
	GlobalSection(SolutionConfigurationPlatforms) = preSolution
		Debug|Any CPU = Debug|Any CPU
		Release|Any CPU = Release|Any CPU
	EndGlobalSection
	GlobalSection(ProjectConfigurationPlatforms) = postSolution
		{BCBF297F-EE59-4433-9B39-07A41468FC98}.Debug|Any CPU.ActiveCfg = Debug|Any CPU
		{BCBF297F-EE59-4433-9B39-07A41468FC98}.Debug|Any CPU.Build.0 = Debug|Any CPU
		{BCBF297F-EE59-4433-9B39-07A41468FC98}.Release|Any CPU.ActiveCfg = Release|Any CPU
		{BCBF297F-EE59-4433-9B39-07A41468FC98}.Release|Any CPU.Build.0 = Release|Any CPU
	EndGlobalSection
	GlobalSection(SolutionProperties) = preSolution
		HideSolutionNode = FALSE
	EndGlobalSection
	GlobalSection(ExtensibilityGlobals) = postSolution
		SolutionGuid = {4547B5C8-69CF-4810-9375-79BCE789A177}
	EndGlobalSection
EndGlobal
